<?xml version="1.0" encoding="utf-8"?>
<Project ToolsVersion="4.0" xmlns="http://schemas.microsoft.com/developer/msbuild/2003">
  <ItemGroup>
    <Filter Include="ソース ファイル">
      <UniqueIdentifier>{4FC737F1-C7A5-4376-A066-2A32D752A2FF}</UniqueIdentifier>
      <Extensions>cpp;c;cc;cxx;c++;cppm;ixx;def;odl;idl;hpj;bat;asm;asmx</Extensions>
    </Filter>
    <Filter Include="ヘッダー ファイル">
      <UniqueIdentifier>{93995380-89BD-4b04-88EB-625FBE52EBFB}</UniqueIdentifier>
      <Extensions>h;hh;hpp;hxx;h++;hm;inl;inc;ipp;xsd</Extensions>
    </Filter>
    <Filter Include="リソース ファイル">
      <UniqueIdentifier>{67DA6AB6-F800-4c08-8B7A-83BB121AAD01}</UniqueIdentifier>
      <Extensions>rc;ico;cur;bmp;dlg;rc2;rct;bin;rgs;gif;jpg;jpeg;jpe;resx;tiff;tif;png;wav;mfcribbon-ms</Extensions>
    </Filter>
    <Filter Include="ソース ファイル\DirectXTex">
      <UniqueIdentifier>{e847aad0-2a6d-4f5d-98b9-ad64545c086c}</UniqueIdentifier>
    </Filter>
    <Filter Include="ソース ファイル\ウィンドウクリエイト">
      <UniqueIdentifier>{46d46104-52cf-41a9-9c23-0237dc8dc9d9}</UniqueIdentifier>
    </Filter>
    <Filter Include="ソース ファイル\DirectX環境構築">
      <UniqueIdentifier>{53ce9c90-e0ce-406b-9c9e-8bf4b5aafdf5}</UniqueIdentifier>
    </Filter>
    <Filter Include="ソース ファイル\2Dポリゴン描画">
      <UniqueIdentifier>{bcbd9617-57a1-4301-bea6-922f5919f631}</UniqueIdentifier>
    </Filter>
    <Filter Include="ソース ファイル\インプット">
      <UniqueIdentifier>{68622f4d-125f-4b5f-aa20-bedbbd3951de}</UniqueIdentifier>
    </Filter>
    <Filter Include="ソース ファイル\オーディオ">
      <UniqueIdentifier>{3f2b46a3-0633-41a7-aaec-b988caa1ede3}</UniqueIdentifier>
    </Filter>
    <Filter Include="ソース ファイル\タスクシステム">
      <UniqueIdentifier>{60d407e0-3b54-496f-913e-708bbbb3c0e5}</UniqueIdentifier>
    </Filter>
    <Filter Include="ソース ファイル\Debug用オブジェクト">
      <UniqueIdentifier>{920c6051-c516-4b45-8cd3-02740623bc16}</UniqueIdentifier>
    </Filter>
    <Filter Include="ソース ファイル\文字描画">
      <UniqueIdentifier>{2c44f5a4-5b4b-4385-915f-9269817189bb}</UniqueIdentifier>
    </Filter>
    <Filter Include="ソース ファイル\当たり判定">
      <UniqueIdentifier>{25b80a2c-f38c-4d19-9c30-23616c2e027c}</UniqueIdentifier>
    </Filter>
    <Filter Include="ソース ファイル\3Dモデル描画">
      <UniqueIdentifier>{36d79439-d189-44ee-99cc-0c6c9681a66b}</UniqueIdentifier>
    </Filter>
  </ItemGroup>
  <ItemGroup>
    <ClCompile Include="main.cpp">
      <Filter>ソース ファイル</Filter>
    </ClCompile>
    <ClCompile Include="WICTextureLoader11.cpp">
      <Filter>ソース ファイル\DirectXTex</Filter>
    </ClCompile>
    <ClCompile Include="WindowCreate.cpp">
      <Filter>ソース ファイル\ウィンドウクリエイト</Filter>
    </ClCompile>
    <ClCompile Include="DeviceCreate.cpp">
      <Filter>ソース ファイル\DirectX環境構築</Filter>
    </ClCompile>
    <ClCompile Include="Draw2DPolygon.cpp">
      <Filter>ソース ファイル\2Dポリゴン描画</Filter>
    </ClCompile>
    <ClCompile Include="Input.cpp">
      <Filter>ソース ファイル\インプット</Filter>
    </ClCompile>
    <ClCompile Include="Audio.cpp">
      <Filter>ソース ファイル\オーディオ</Filter>
    </ClCompile>
    <ClCompile Include="TaskSystem.cpp">
      <Filter>ソース ファイル\タスクシステム</Filter>
    </ClCompile>
    <ClCompile Include="Hero.cpp">
      <Filter>ソース ファイル\Debug用オブジェクト</Filter>
    </ClCompile>
    <ClCompile Include="FontTex.cpp">
      <Filter>ソース ファイル\文字描画</Filter>
    </ClCompile>
    <ClCompile Include="PolygonDraw.cpp">
      <Filter>ソース ファイル</Filter>
    </ClCompile>
    <ClCompile Include="Collision.cpp">
      <Filter>ソース ファイル\当たり判定</Filter>
    </ClCompile>
    <ClCompile Include="Render3D.cpp">
      <Filter>ソース ファイル\3Dモデル描画</Filter>
    </ClCompile>
    <ClCompile Include="ModelCreate3D.cpp">
      <Filter>ソース ファイル\3Dモデル描画</Filter>
    </ClCompile>
    <ClCompile Include="Matrix.cpp">
      <Filter>ソース ファイル\3Dモデル描画</Filter>
    </ClCompile>
    <ClCompile Include="ModelSkinCreate3D.cpp">
      <Filter>ソース ファイル\3Dモデル描画</Filter>
    </ClCompile>
    <ClCompile Include="SkinAnimation.cpp">
      <Filter>ソース ファイル\3Dモデル描画</Filter>
    </ClCompile>
  </ItemGroup>
  <ItemGroup>
    <ClInclude Include="DirectXTex.h">
      <Filter>ソース ファイル\DirectXTex</Filter>
    </ClInclude>
    <ClInclude Include="WICTextureLoader11.h">
      <Filter>ソース ファイル\DirectXTex</Filter>
    </ClInclude>
    <ClInclude Include="WindowCreate.h">
      <Filter>ソース ファイル\ウィンドウクリエイト</Filter>
    </ClInclude>
    <ClInclude Include="DeviceCreate.h">
      <Filter>ソース ファイル\DirectX環境構築</Filter>
    </ClInclude>
    <ClInclude Include="Draw2DPolygon.h">
      <Filter>ソース ファイル\2Dポリゴン描画</Filter>
    </ClInclude>
    <ClInclude Include="Input.h">
      <Filter>ソース ファイル\インプット</Filter>
    </ClInclude>
    <ClInclude Include="Audio.h">
      <Filter>ソース ファイル\オーディオ</Filter>
    </ClInclude>
    <ClInclude Include="TaskSystem.h">
      <Filter>ソース ファイル\タスクシステム</Filter>
    </ClInclude>
    <ClInclude Include="Hero.h">
      <Filter>ソース ファイル\Debug用オブジェクト</Filter>
    </ClInclude>
    <ClInclude Include="FontTex.h">
      <Filter>ソース ファイル\文字描画</Filter>
    </ClInclude>
    <ClInclude Include="Collision.h">
      <Filter>ソース ファイル\当たり判定</Filter>
    </ClInclude>
    <ClInclude Include="Render3D.h">
      <Filter>ソース ファイル\3Dモデル描画</Filter>
    </ClInclude>
    <ClInclude Include="Math3D.h">
      <Filter>ソース ファイル\3Dモデル描画</Filter>
    </ClInclude>
  </ItemGroup>
  <ItemGroup>
    <None Include="DirectXTex.inl">
      <Filter>ソース ファイル\DirectXTex</Filter>
    </None>
  </ItemGroup>
  <ItemGroup>
    <Library Include="DirectXTex.lib">
      <Filter>ソース ファイル\DirectXTex</Filter>
    </Library>
    <Library Include="libogg.lib">
      <Filter>ソース ファイル</Filter>
    </Library>
    <Library Include="libvorbis_static.lib">
      <Filter>ソース ファイル</Filter>
    </Library>
    <Library Include="libvorbisfile_static.lib">
      <Filter>ソース ファイル</Filter>
    </Library>
  </ItemGroup>
</Project>